{
  "nodes": {
    "fenix": {
      "inputs": {
        "nixpkgs": [
          "nixpkgs"
        ],
        "rust-analyzer-src": "rust-analyzer-src"
      },
      "locked": {
        "lastModified": 1775547409,
        "narHash": "sha256-dNIhLmwrR7N78amgliAJvFx58RjrhDWorV9B9Kiayeo=",
        "owner": "nix-community",
        "repo": "fenix",
        "rev": "a260dea172f86c7afa65cec0c6e6a9dd91530017",
        "type": "github"
      },
      "original": {
        "owner": "nix-community",
        "repo": "fenix",
        "type": "github"
      }
    },
    "flake-parts": {
      "inputs": {
        "nixpkgs-lib": "nixpkgs-lib"
      },
      "locked": {
        "lastModified": 1775087534,
        "narHash": "sha256-91qqW8lhL7TLwgQWijoGBbiD4t7/q75KTi8NxjVmSmA=",
        "owner": "hercules-ci",
        "repo": "flake-parts",
        "rev": "3107b77cd68437b9a76194f0f7f9c55f2329ca5b",
        "type": "github"
      },
      "original": {
        "owner": "hercules-ci",
        "repo": "flake-parts",
        "type": "github"
      }
    },
    "nixpkgs": {
      "locked": {
        "lastModified": 1775549110,
        "narHash": "sha256-gCXSLBI1drlFwYlNqqPS9cFXvraaEGyLS8Sq45p7b/Q=",
        "owner": "nixos",
        "repo": "nixpkgs",
        "rev": "a3db02183b5da6fbf728203492a5d1b9d109b7f9",
        "type": "github"
      },
      "original": {
        "owner": "nixos",
        "ref": "nixpkgs-unstable",
        "repo": "nixpkgs",
        "type": "github"
      }
    },
    "nixpkgs-lib": {
      "locked": {
        "lastModified": 1774748309,
        "narHash": "sha256-+U7gF3qxzwD5TZuANzZPeJTZRHS29OFQgkQ2kiTJBIQ=",
        "owner": "nix-community",
        "repo": "nixpkgs.lib",
        "rev": "333c4e0545a6da976206c74db8773a1645b5870a",
        "type": "github"
      },
      "original": {
        "owner": "nix-community",
        "repo": "nixpkgs.lib",
        "type": "github"
      }
    },
    "pathfinder": {
      "flake": false,
      "locked": {
        "lastModified": 1775558347,
        "narHash": "sha256-OLaACRwKXbZn8Mx4LL3tzRpAjG1lnVvkmUcNX+yrUaA=",
        "owner": "eqlabs",
        "repo": "pathfinder",
        "rev": "95062ff7f1913958f5a8df71790a56263731e908",
        "type": "github"
      },
      "original": {
        "owner": "eqlabs",
        "repo": "pathfinder",
        "type": "github"
      }
    },
    "root": {
      "inputs": {
        "fenix": "fenix",
        "flake-parts": "flake-parts",
        "nixpkgs": "nixpkgs",
        "pathfinder": "pathfinder"
      }
    },
    "rust-analyzer-src": {
      "flake": false,
      "locked": {
        "lastModified": 1775499626,
        "narHash": "sha256-6PyDFl9fJu12xfdjgEiQKEVjX6/cdkN1DeKRLKwUz44=",
        "owner": "rust-lang",
        "repo": "rust-analyzer",
        "rev": "129f6167ab924c42fb16d4e3d1b31b6e725c7523",
        "type": "github"
      },
      "original": {
        "owner": "rust-lang",
        "ref": "nightly",
        "repo": "rust-analyzer",
        "type": "github"
      }
    }
  },
  "root": "root",
  "version": 7
}
